
Microsoft Visual Studio Solution File, Format Version 12.00
# Visual Studio Version 16
VisualStudioVersion = 16.0.31605.320
MinimumVisualStudioVersion = 10.0.40219.1
Project("{9A19103F-16F7-4668-BE54-9A1E7A4F7556}") = "EssentialLesson10Task1", "EssentialLesson10Task1\EssentialLesson10Task1.csproj", "{C2F8E771-CFFB-466C-8B49-8FD809A016DA}"
EndProject
Project("{9A19103F-16F7-4668-BE54-9A1E7A4F7556}") = "EssentialLesson10Task2", "EssentialLesson10Task2\EssentialLesson10Task2.csproj", "{D00FCF27-9B30-401B-A3BD-697B3B912165}"
EndProject
Project("{9A19103F-16F7-4668-BE54-9A1E7A4F7556}") = "EssentialLesson10Task3", "EssentialLesson10Task3\EssentialLesson10Task3.csproj", "{F12E826E-CD26-4C52-A9CC-F2FD9189F015}"
EndProject
Global
	GlobalSection(SolutionConfigurationPlatforms) = preSolution
		Debug|Any CPU = Debug|Any CPU
		Release|Any CPU = Release|Any CPU
	EndGlobalSection
	GlobalSection(ProjectConfigurationPlatforms) = postSolution
		{C2F8E771-CFFB-466C-8B49-8FD809A016DA}.Debug|Any CPU.ActiveCfg = Debug|Any CPU
		{C2F8E771-CFFB-466C-8B49-8FD809A016DA}.Debug|Any CPU.Build.0 = Debug|Any CPU
		{C2F8E771-CFFB-466C-8B49-8FD809A016DA}.Release|Any CPU.ActiveCfg = Release|Any CPU
		{C2F8E771-CFFB-466C-8B49-8FD809A016DA}.Release|Any CPU.Build.0 = Release|Any CPU
		{D00FCF27-9B30-401B-A3BD-697B3B912165}.Debug|Any CPU.ActiveCfg = Debug|Any CPU
		{D00FCF27-9B30-401B-A3BD-697B3B912165}.Debug|Any CPU.Build.0 = Debug|Any CPU
		{D00FCF27-9B30-401B-A3BD-697B3B912165}.Release|Any CPU.ActiveCfg = Release|Any CPU
		{D00FCF27-9B30-401B-A3BD-697B3B912165}.Release|Any CPU.Build.0 = Release|Any CPU
		{F12E826E-CD26-4C52-A9CC-F2FD9189F015}.Debug|Any CPU.ActiveCfg = Debug|Any CPU
		{F12E826E-CD26-4C52-A9CC-F2FD9189F015}.Debug|Any CPU.Build.0 = Debug|Any CPU
		{F12E826E-CD26-4C52-A9CC-F2FD9189F015}.Release|Any CPU.ActiveCfg = Release|Any CPU
		{F12E826E-CD26-4C52-A9CC-F2FD9189F015}.Release|Any CPU.Build.0 = Release|Any CPU
	EndGlobalSection
	GlobalSection(SolutionProperties) = preSolution
		HideSolutionNode = FALSE
	EndGlobalSection
	GlobalSection(ExtensibilityGlobals) = postSolution
		SolutionGuid = {834DB789-705E-43C8-8760-8FC217AB4091}
	EndGlobalSection
EndGlobal
